
Microsoft Visual Studio Solution File, Format Version 12.00
# Visual Studio Version 17
VisualStudioVersion = 17.3.32519.111
MinimumVisualStudioVersion = 10.0.40219.1
Project("{FAE04EC0-301F-11D3-BF4B-00C04F79EFBC}") = "demo-map-api", "demo-map-api.csproj", "{8F11E0F9-4AE6-4453-A437-0E93FB10B905}"
EndProject
Global
	GlobalSection(SolutionConfigurationPlatforms) = preSolution
		Debug|Any CPU = Debug|Any CPU
		Release|Any CPU = Release|Any CPU
	EndGlobalSection
	GlobalSection(ProjectConfigurationPlatforms) = postSolution
		{8F11E0F9-4AE6-4453-A437-0E93FB10B905}.Debug|Any CPU.ActiveCfg = Debug|Any CPU
		{8F11E0F9-4AE6-4453-A437-0E93FB10B905}.Debug|Any CPU.Build.0 = Debug|Any CPU
		{8F11E0F9-4AE6-4453-A437-0E93FB10B905}.Release|Any CPU.ActiveCfg = Release|Any CPU
		{8F11E0F9-4AE6-4453-A437-0E93FB10B905}.Release|Any CPU.Build.0 = Release|Any CPU
	EndGlobalSection
	GlobalSection(SolutionProperties) = preSolution
		HideSolutionNode = FALSE
	EndGlobalSection
	GlobalSection(ExtensibilityGlobals) = postSolution
		SolutionGuid = {47970AAB-2BCC-4FA5-A477-515673A9D40A}
	EndGlobalSection
EndGlobal
